
Microsoft Visual Studio Solution File, Format Version 12.00
# Visual Studio Version 17
VisualStudioVersion = 17.9.34723.18
MinimumVisualStudioVersion = 10.0.40219.1
Project("{9A19103F-16F7-4668-BE54-9A1E7A4F7556}") = "TDProjectMVC", "TDProjectMVC\TDProjectMVC.csproj", "{DA5238C7-D5C2-436B-A3F4-ED5448D15E1F}"
EndProject
Project("{9A19103F-16F7-4668-BE54-9A1E7A4F7556}") = "API_Web_Shop_Electronic_TD", "API_Web_Shop_Electronic_TD\API_Web_Shop_Electronic_TD.csproj", "{4A6F6816-0D17-42EC-9641-D0CEB2AB4971}"
EndProject
Project("{9A19103F-16F7-4668-BE54-9A1E7A4F7556}") = "TrangQuanLy", "TrangQuanLy\TrangQuanLy.csproj", "{1F1CCEB9-2A7E-4A85-9C7F-FB805FE513E2}"
EndProject
Global
	GlobalSection(SolutionConfigurationPlatforms) = preSolution
		Debug|Any CPU = Debug|Any CPU
		Release|Any CPU = Release|Any CPU
	EndGlobalSection
	GlobalSection(ProjectConfigurationPlatforms) = postSolution
		{DA5238C7-D5C2-436B-A3F4-ED5448D15E1F}.Debug|Any CPU.ActiveCfg = Debug|Any CPU
		{DA5238C7-D5C2-436B-A3F4-ED5448D15E1F}.Debug|Any CPU.Build.0 = Debug|Any CPU
		{DA5238C7-D5C2-436B-A3F4-ED5448D15E1F}.Release|Any CPU.ActiveCfg = Release|Any CPU
		{DA5238C7-D5C2-436B-A3F4-ED5448D15E1F}.Release|Any CPU.Build.0 = Release|Any CPU
		{4A6F6816-0D17-42EC-9641-D0CEB2AB4971}.Debug|Any CPU.ActiveCfg = Debug|Any CPU
		{4A6F6816-0D17-42EC-9641-D0CEB2AB4971}.Debug|Any CPU.Build.0 = Debug|Any CPU
		{4A6F6816-0D17-42EC-9641-D0CEB2AB4971}.Release|Any CPU.ActiveCfg = Release|Any CPU
		{4A6F6816-0D17-42EC-9641-D0CEB2AB4971}.Release|Any CPU.Build.0 = Release|Any CPU
		{1F1CCEB9-2A7E-4A85-9C7F-FB805FE513E2}.Debug|Any CPU.ActiveCfg = Debug|Any CPU
		{1F1CCEB9-2A7E-4A85-9C7F-FB805FE513E2}.Debug|Any CPU.Build.0 = Debug|Any CPU
		{1F1CCEB9-2A7E-4A85-9C7F-FB805FE513E2}.Release|Any CPU.ActiveCfg = Release|Any CPU
		{1F1CCEB9-2A7E-4A85-9C7F-FB805FE513E2}.Release|Any CPU.Build.0 = Release|Any CPU
	EndGlobalSection
	GlobalSection(SolutionProperties) = preSolution
		HideSolutionNode = FALSE
	EndGlobalSection
	GlobalSection(ExtensibilityGlobals) = postSolution
		SolutionGuid = {0818D26A-C4AF-41A5-9DC5-F91944F6A323}
	EndGlobalSection
EndGlobal
